// !$*UTF8*$!
{
	archiveVersion = 1;
	classes = {
	};
	objectVersion = 56;
	objects = {

/* Begin PBXBuildFile section */
		982CB5D82A28CB2B0044AD69 /* PeopleTableViewController.swift in Sources */ = {isa = PBXBuildFile; fileRef = 982CB5D72A28CB2B0044AD69 /* PeopleTableViewController.swift */; };
		982CB5DD2A28CBBE0044AD69 /* PeopleTableViewCell.swift in Sources */ = {isa = PBXBuildFile; fileRef = 982CB5DB2A28CBBE0044AD69 /* PeopleTableViewCell.swift */; };
		982CB5DE2A28CBBE0044AD69 /* PeopleTableViewCell.xib in Resources */ = {isa = PBXBuildFile; fileRef = 982CB5DC2A28CBBE0044AD69 /* PeopleTableViewCell.xib */; };
		982CB5E02A28CC5D0044AD69 /* addPeopleViewController.swift in Sources */ = {isa = PBXBuildFile; fileRef = 982CB5DF2A28CC5D0044AD69 /* addPeopleViewController.swift */; };
		98551C982A25E86800C79B45 /* Realm in Frameworks */ = {isa = PBXBuildFile; productRef = 98551C972A25E86800C79B45 /* Realm */; };
		98551C9A2A25E86800C79B45 /* RealmSwift in Frameworks */ = {isa = PBXBuildFile; productRef = 98551C992A25E86800C79B45 /* RealmSwift */; };
		98551C9C2A260F2E00C79B45 /* Memo.swift in Sources */ = {isa = PBXBuildFile; fileRef = 98551C9B2A260F2E00C79B45 /* Memo.swift */; };
		985D00BD2A25E12B00083FEB /* addMenusViewController.swift in Sources */ = {isa = PBXBuildFile; fileRef = 985D00BC2A25E12B00083FEB /* addMenusViewController.swift */; };
		985D00BF2A25E15200083FEB /* generateViewController.swift in Sources */ = {isa = PBXBuildFile; fileRef = 985D00BE2A25E15200083FEB /* generateViewController.swift */; };
		985D00C12A25E16800083FEB /* browseViewController.swift in Sources */ = {isa = PBXBuildFile; fileRef = 985D00C02A25E16800083FEB /* browseViewController.swift */; };
		985D00C32A25E4B300083FEB /* introViewController.swift in Sources */ = {isa = PBXBuildFile; fileRef = 985D00C22A25E4B300083FEB /* introViewController.swift */; };
		98D2C6AA2A210A4B003BFEFC /* AppDelegate.swift in Sources */ = {isa = PBXBuildFile; fileRef = 98D2C6A92A210A4B003BFEFC /* AppDelegate.swift */; };
		98D2C6AC2A210A4B003BFEFC /* SceneDelegate.swift in Sources */ = {isa = PBXBuildFile; fileRef = 98D2C6AB2A210A4B003BFEFC /* SceneDelegate.swift */; };
		98D2C6AE2A210A4B003BFEFC /* ViewController.swift in Sources */ = {isa = PBXBuildFile; fileRef = 98D2C6AD2A210A4B003BFEFC /* ViewController.swift */; };
		98D2C6B12A210A4B003BFEFC /* Main.storyboard in Resources */ = {isa = PBXBuildFile; fileRef = 98D2C6AF2A210A4B003BFEFC /* Main.storyboard */; };
		98D2C6B32A210A51003BFEFC /* Assets.xcassets in Resources */ = {isa = PBXBuildFile; fileRef = 98D2C6B22A210A51003BFEFC /* Assets.xcassets */; };
		98D2C6B62A210A51003BFEFC /* LaunchScreen.storyboard in Resources */ = {isa = PBXBuildFile; fileRef = 98D2C6B42A210A51003BFEFC /* LaunchScreen.storyboard */; };
/* End PBXBuildFile section */

/* Begin PBXFileReference section */
		982CB5D72A28CB2B0044AD69 /* PeopleTableViewController.swift */ = {isa = PBXFileReference; lastKnownFileType = sourcecode.swift; path = PeopleTableViewController.swift; sourceTree = "<group>"; };
		982CB5DB2A28CBBE0044AD69 /* PeopleTableViewCell.swift */ = {isa = PBXFileReference; lastKnownFileType = sourcecode.swift; path = PeopleTableViewCell.swift; sourceTree = "<group>"; };
		982CB5DC2A28CBBE0044AD69 /* PeopleTableViewCell.xib */ = {isa = PBXFileReference; lastKnownFileType = file.xib; path = PeopleTableViewCell.xib; sourceTree = "<group>"; };
		982CB5DF2A28CC5D0044AD69 /* addPeopleViewController.swift */ = {isa = PBXFileReference; lastKnownFileType = sourcecode.swift; path = addPeopleViewController.swift; sourceTree = "<group>"; };
		98551C9B2A260F2E00C79B45 /* Memo.swift */ = {isa = PBXFileReference; lastKnownFileType = sourcecode.swift; name = Memo.swift; path = Assets.xcassets/Memo.swift; sourceTree = "<group>"; };
		985D00BC2A25E12B00083FEB /* addMenusViewController.swift */ = {isa = PBXFileReference; lastKnownFileType = sourcecode.swift; path = addMenusViewController.swift; sourceTree = "<group>"; };
		985D00BE2A25E15200083FEB /* generateViewController.swift */ = {isa = PBXFileReference; lastKnownFileType = sourcecode.swift; path = generateViewController.swift; sourceTree = "<group>"; };
		985D00C02A25E16800083FEB /* browseViewController.swift */ = {isa = PBXFileReference; lastKnownFileType = sourcecode.swift; path = browseViewController.swift; sourceTree = "<group>"; };
		985D00C22A25E4B300083FEB /* introViewController.swift */ = {isa = PBXFileReference; lastKnownFileType = sourcecode.swift; path = introViewController.swift; sourceTree = "<group>"; };
		98D2C6A62A210A4B003BFEFC /* SeedsApp.app */ = {isa = PBXFileReference; explicitFileType = wrapper.application; includeInIndex = 0; path = SeedsApp.app; sourceTree = BUILT_PRODUCTS_DIR; };
		98D2C6A92A210A4B003BFEFC /* AppDelegate.swift */ = {isa = PBXFileReference; lastKnownFileType = sourcecode.swift; path = AppDelegate.swift; sourceTree = "<group>"; };
		98D2C6AB2A210A4B003BFEFC /* SceneDelegate.swift */ = {isa = PBXFileReference; lastKnownFileType = sourcecode.swift; path = SceneDelegate.swift; sourceTree = "<group>"; };
		98D2C6AD2A210A4B003BFEFC /* ViewController.swift */ = {isa = PBXFileReference; lastKnownFileType = sourcecode.swift; path = ViewController.swift; sourceTree = "<group>"; };
		98D2C6B02A210A4B003BFEFC /* Base */ = {isa = PBXFileReference; lastKnownFileType = file.storyboard; name = Base; path = Base.lproj/Main.storyboard; sourceTree = "<group>"; };
		98D2C6B22A210A51003BFEFC /* Assets.xcassets */ = {isa = PBXFileReference; lastKnownFileType = folder.assetcatalog; path = Assets.xcassets; sourceTree = "<group>"; };
		98D2C6B52A210A51003BFEFC /* Base */ = {isa = PBXFileReference; lastKnownFileType = file.storyboard; name = Base; path = Base.lproj/LaunchScreen.storyboard; sourceTree = "<group>"; };
		98D2C6B72A210A51003BFEFC /* Info.plist */ = {isa = PBXFileReference; lastKnownFileType = text.plist.xml; path = Info.plist; sourceTree = "<group>"; };
/* End PBXFileReference section */

/* Begin PBXFrameworksBuildPhase section */
		98D2C6A32A210A4B003BFEFC /* Frameworks */ = {
			isa = PBXFrameworksBuildPhase;
			buildActionMask = 2147483647;
			files = (
				98551C9A2A25E86800C79B45 /* RealmSwift in Frameworks */,
				98551C982A25E86800C79B45 /* Realm in Frameworks */,
			);
			runOnlyForDeploymentPostprocessing = 0;
		};
/* End PBXFrameworksBuildPhase section */

/* Begin PBXGroup section */
		98D2C69D2A210A4B003BFEFC = {
			isa = PBXGroup;
			children = (
				98D2C6A82A210A4B003BFEFC /* SeedsApp */,
				98D2C6A72A210A4B003BFEFC /* Products */,
			);
			sourceTree = "<group>";
		};
		98D2C6A72A210A4B003BFEFC /* Products */ = {
			isa = PBXGroup;
			children = (
				98D2C6A62A210A4B003BFEFC /* SeedsApp.app */,
			);
			name = Products;
			sourceTree = "<group>";
		};
		98D2C6A82A210A4B003BFEFC /* SeedsApp */ = {
			isa = PBXGroup;
			children = (
				98D2C6A92A210A4B003BFEFC /* AppDelegate.swift */,
				98D2C6AB2A210A4B003BFEFC /* SceneDelegate.swift */,
				98D2C6AD2A210A4B003BFEFC /* ViewController.swift */,
				985D00C22A25E4B300083FEB /* introViewController.swift */,
				982CB5D72A28CB2B0044AD69 /* PeopleTableViewController.swift */,
				982CB5DB2A28CBBE0044AD69 /* PeopleTableViewCell.swift */,
				982CB5DC2A28CBBE0044AD69 /* PeopleTableViewCell.xib */,
				982CB5DF2A28CC5D0044AD69 /* addPeopleViewController.swift */,
				985D00BC2A25E12B00083FEB /* addMenusViewController.swift */,
				985D00C02A25E16800083FEB /* browseViewController.swift */,
				985D00BE2A25E15200083FEB /* generateViewController.swift */,
				98551C9B2A260F2E00C79B45 /* Memo.swift */,
				98D2C6AF2A210A4B003BFEFC /* Main.storyboard */,
				98D2C6B22A210A51003BFEFC /* Assets.xcassets */,
				98D2C6B42A210A51003BFEFC /* LaunchScreen.storyboard */,
				98D2C6B72A210A51003BFEFC /* Info.plist */,
			);
			path = SeedsApp;
			sourceTree = "<group>";
		};
/* End PBXGroup section */

/* Begin PBXNativeTarget section */
		98D2C6A52A210A4B003BFEFC /* SeedsApp */ = {
			isa = PBXNativeTarget;
			buildConfigurationList = 98D2C6BA2A210A51003BFEFC /* Build configuration list for PBXNativeTarget "SeedsApp" */;
			buildPhases = (
				98D2C6A22A210A4B003BFEFC /* Sources */,
				98D2C6A32A210A4B003BFEFC /* Frameworks */,
				98D2C6A42A210A4B003BFEFC /* Resources */,
			);
			buildRules = (
			);
			dependencies = (
			);
			name = SeedsApp;
			packageProductDependencies = (
				98551C972A25E86800C79B45 /* Realm */,
				98551C992A25E86800C79B45 /* RealmSwift */,
			);
			productName = SeedsApp;
			productReference = 98D2C6A62A210A4B003BFEFC /* SeedsApp.app */;
			productType = "com.apple.product-type.application";
		};
/* End PBXNativeTarget section */

/* Begin PBXProject section */
		98D2C69E2A210A4B003BFEFC /* Project object */ = {
			isa = PBXProject;
			attributes = {
				BuildIndependentTargetsInParallel = 1;
				LastSwiftUpdateCheck = 1430;
				LastUpgradeCheck = 1430;
				TargetAttributes = {
					98D2C6A52A210A4B003BFEFC = {
						CreatedOnToolsVersion = 14.3;
					};
				};
			};
			buildConfigurationList = 98D2C6A12A210A4B003BFEFC /* Build configuration list for PBXProject "SeedsApp" */;
			compatibilityVersion = "Xcode 14.0";
			developmentRegion = en;
			hasScannedForEncodings = 0;
			knownRegions = (
				en,
				Base,
			);
			mainGroup = 98D2C69D2A210A4B003BFEFC;
			packageReferences = (
				98551C962A25E86800C79B45 /* XCRemoteSwiftPackageReference "realm-swift" */,
			);
			productRefGroup = 98D2C6A72A210A4B003BFEFC /* Products */;
			projectDirPath = "";
			projectRoot = "";
			targets = (
				98D2C6A52A210A4B003BFEFC /* SeedsApp */,
			);
		};
/* End PBXProject section */

/* Begin PBXResourcesBuildPhase section */
		98D2C6A42A210A4B003BFEFC /* Resources */ = {
			isa = PBXResourcesBuildPhase;
			buildActionMask = 2147483647;
			files = (
				982CB5DE2A28CBBE0044AD69 /* PeopleTableViewCell.xib in Resources */,
				98D2C6B62A210A51003BFEFC /* LaunchScreen.storyboard in Resources */,
				98D2C6B32A210A51003BFEFC /* Assets.xcassets in Resources */,
				98D2C6B12A210A4B003BFEFC /* Main.storyboard in Resources */,
			);
			runOnlyForDeploymentPostprocessing = 0;
		};
/* End PBXResourcesBuildPhase section */

/* Begin PBXSourcesBuildPhase section */
		98D2C6A22A210A4B003BFEFC /* Sources */ = {
			isa = PBXSourcesBuildPhase;
			buildActionMask = 2147483647;
			files = (
				982CB5DD2A28CBBE0044AD69 /* PeopleTableViewCell.swift in Sources */,
				982CB5E02A28CC5D0044AD69 /* addPeopleViewController.swift in Sources */,
				98D2C6AE2A210A4B003BFEFC /* ViewController.swift in Sources */,
				985D00BD2A25E12B00083FEB /* addMenusViewController.swift in Sources */,
				98D2C6AA2A210A4B003BFEFC /* AppDelegate.swift in Sources */,
				982CB5D82A28CB2B0044AD69 /* PeopleTableViewController.swift in Sources */,
				98D2C6AC2A210A4B003BFEFC /* SceneDelegate.swift in Sources */,
				985D00C12A25E16800083FEB /* browseViewController.swift in Sources */,
				98551C9C2A260F2E00C79B45 /* Memo.swift in Sources */,
				985D00BF2A25E15200083FEB /* generateViewController.swift in Sources */,
				985D00C32A25E4B300083FEB /* introViewController.swift in Sources */,
			);
			runOnlyForDeploymentPostprocessing = 0;
		};
/* End PBXSourcesBuildPhase section */

/* Begin PBXVariantGroup section */
		98D2C6AF2A210A4B003BFEFC /* Main.storyboard */ = {
			isa = PBXVariantGroup;
			children = (
				98D2C6B02A210A4B003BFEFC /* Base */,
			);
			name = Main.storyboard;
			sourceTree = "<group>";
		};
		98D2C6B42A210A51003BFEFC /* LaunchScreen.storyboard */ = {
			isa = PBXVariantGroup;
			children = (
				98D2C6B52A210A51003BFEFC /* Base */,
			);
			name = LaunchScreen.storyboard;
			sourceTree = "<group>";
		};
/* End PBXVariantGroup section */

/* Begin XCBuildConfiguration section */
		98D2C6B82A210A51003BFEFC /* Debug */ = {
			isa = XCBuildConfiguration;
			buildSettings = {
				ALWAYS_SEARCH_USER_PATHS = NO;
				CLANG_ANALYZER_NONNULL = YES;
				CLANG_ANALYZER_NUMBER_OBJECT_CONVERSION = YES_AGGRESSIVE;
				CLANG_CXX_LANGUAGE_STANDARD = "gnu++20";
				CLANG_ENABLE_MODULES = YES;
				CLANG_ENABLE_OBJC_ARC = YES;
				CLANG_ENABLE_OBJC_WEAK = YES;
				CLANG_WARN_BLOCK_CAPTURE_AUTORELEASING = YES;
				CLANG_WARN_BOOL_CONVERSION = YES;
				CLANG_WARN_COMMA = YES;
				CLANG_WARN_CONSTANT_CONVERSION = YES;
				CLANG_WARN_DEPRECATED_OBJC_IMPLEMENTATIONS = YES;
				CLANG_WARN_DIRECT_OBJC_ISA_USAGE = YES_ERROR;
				CLANG_WARN_DOCUMENTATION_COMMENTS = YES;
				CLANG_WARN_EMPTY_BODY = YES;
				CLANG_WARN_ENUM_CONVERSION = YES;
				CLANG_WARN_INFINITE_RECURSION = YES;
				CLANG_WARN_INT_CONVERSION = YES;
				CLANG_WARN_NON_LITERAL_NULL_CONVERSION = YES;
				CLANG_WARN_OBJC_IMPLICIT_RETAIN_SELF = YES;
				CLANG_WARN_OBJC_LITERAL_CONVERSION = YES;
				CLANG_WARN_OBJC_ROOT_CLASS = YES_ERROR;
				CLANG_WARN_QUOTED_INCLUDE_IN_FRAMEWORK_HEADER = YES;
				CLANG_WARN_RANGE_LOOP_ANALYSIS = YES;
				CLANG_WARN_STRICT_PROTOTYPES = YES;
				CLANG_WARN_SUSPICIOUS_MOVE = YES;
				CLANG_WARN_UNGUARDED_AVAILABILITY = YES_AGGRESSIVE;
				CLANG_WARN_UNREACHABLE_CODE = YES;
				CLANG_WARN__DUPLICATE_METHOD_MATCH = YES;
				COPY_PHASE_STRIP = NO;
				DEBUG_INFORMATION_FORMAT = dwarf;
				ENABLE_STRICT_OBJC_MSGSEND = YES;
				ENABLE_TESTABILITY = YES;
				GCC_C_LANGUAGE_STANDARD = gnu11;
				GCC_DYNAMIC_NO_PIC = NO;
				GCC_NO_COMMON_BLOCKS = YES;
				GCC_OPTIMIZATION_LEVEL = 0;
				GCC_PREPROCESSOR_DEFINITIONS = (
					"DEBUG=1",
					"$(inherited)",
				);
				GCC_WARN_64_TO_32_BIT_CONVERSION = YES;
				GCC_WARN_ABOUT_RETURN_TYPE = YES_ERROR;
				GCC_WARN_UNDECLARED_SELECTOR = YES;
				GCC_WARN_UNINITIALIZED_AUTOS = YES_AGGRESSIVE;
				GCC_WARN_UNUSED_FUNCTION = YES;
				GCC_WARN_UNUSED_VARIABLE = YES;
				IPHONEOS_DEPLOYMENT_TARGET = 16.4;
				MTL_ENABLE_DEBUG_INFO = INCLUDE_SOURCE;
				MTL_FAST_MATH = YES;
				ONLY_ACTIVE_ARCH = YES;
				SDKROOT = iphoneos;
				SWIFT_ACTIVE_COMPILATION_CONDITIONS = DEBUG;
				SWIFT_OPTIMIZATION_LEVEL = "-Onone";
			};
			name = Debug;
		};
		98D2C6B92A210A51003BFEFC /* Release */ = {
			isa = XCBuildConfiguration;
			buildSettings = {
				ALWAYS_SEARCH_USER_PATHS = NO;
				CLANG_ANALYZER_NONNULL = YES;
				CLANG_ANALYZER_NUMBER_OBJECT_CONVERSION = YES_AGGRESSIVE;
				CLANG_CXX_LANGUAGE_STANDARD = "gnu++20";
				CLANG_ENABLE_MODULES = YES;
				CLANG_ENABLE_OBJC_ARC = YES;
				CLANG_ENABLE_OBJC_WEAK = YES;
				CLANG_WARN_BLOCK_CAPTURE_AUTORELEASING = YES;
				CLANG_WARN_BOOL_CONVERSION = YES;
				CLANG_WARN_COMMA = YES;
				CLANG_WARN_CONSTANT_CONVERSION = YES;
				CLANG_WARN_DEPRECATED_OBJC_IMPLEMENTATIONS = YES;
				CLANG_WARN_DIRECT_OBJC_ISA_USAGE = YES_ERROR;
				CLANG_WARN_DOCUMENTATION_COMMENTS = YES;
				CLANG_WARN_EMPTY_BODY = YES;
				CLANG_WARN_ENUM_CONVERSION = YES;
				CLANG_WARN_INFINITE_RECURSION = YES;
				CLANG_WARN_INT_CONVERSION = YES;
				CLANG_WARN_NON_LITERAL_NULL_CONVERSION = YES;
				CLANG_WARN_OBJC_IMPLICIT_RETAIN_SELF = YES;
				CLANG_WARN_OBJC_LITERAL_CONVERSION = YES;
				CLANG_WARN_OBJC_ROOT_CLASS = YES_ERROR;
				CLANG_WARN_QUOTED_INCLUDE_IN_FRAMEWORK_HEADER = YES;
				CLANG_WARN_RANGE_LOOP_ANALYSIS = YES;
				CLANG_WARN_STRICT_PROTOTYPES = YES;
				CLANG_WARN_SUSPICIOUS_MOVE = YES;
				CLANG_WARN_UNGUARDED_AVAILABILITY = YES_AGGRESSIVE;
				CLANG_WARN_UNREACHABLE_CODE = YES;
				CLANG_WARN__DUPLICATE_METHOD_MATCH = YES;
				COPY_PHASE_STRIP = NO;
				DEBUG_INFORMATION_FORMAT = "dwarf-with-dsym";
				ENABLE_NS_ASSERTIONS = NO;
				ENABLE_STRICT_OBJC_MSGSEND = YES;
				GCC_C_LANGUAGE_STANDARD = gnu11;
				GCC_NO_COMMON_BLOCKS = YES;
				GCC_WARN_64_TO_32_BIT_CONVERSION = YES;
				GCC_WARN_ABOUT_RETURN_TYPE = YES_ERROR;
				GCC_WARN_UNDECLARED_SELECTOR = YES;
				GCC_WARN_UNINITIALIZED_AUTOS = YES_AGGRESSIVE;
				GCC_WARN_UNUSED_FUNCTION = YES;
				GCC_WARN_UNUSED_VARIABLE = YES;
				IPHONEOS_DEPLOYMENT_TARGET = 16.4;
				MTL_ENABLE_DEBUG_INFO = NO;
				MTL_FAST_MATH = YES;
				SDKROOT = iphoneos;
				SWIFT_COMPILATION_MODE = wholemodule;
				SWIFT_OPTIMIZATION_LEVEL = "-O";
				VALIDATE_PRODUCT = YES;
			};
			name = Release;
		};
		98D2C6BB2A210A51003BFEFC /* Debug */ = {
			isa = XCBuildConfiguration;
			buildSettings = {
				ASSETCATALOG_COMPILER_APPICON_NAME = AppIcon;
				ASSETCATALOG_COMPILER_GLOBAL_ACCENT_COLOR_NAME = AccentColor;
				CODE_SIGN_STYLE = Automatic;
				CURRENT_PROJECT_VERSION = 1;
				GENERATE_INFOPLIST_FILE = YES;
				INFOPLIST_FILE = SeedsApp/Info.plist;
				INFOPLIST_KEY_UIApplicationSupportsIndirectInputEvents = YES;
				INFOPLIST_KEY_UILaunchStoryboardName = LaunchScreen;
				INFOPLIST_KEY_UIMainStoryboardFile = Main;
				INFOPLIST_KEY_UISupportedInterfaceOrientations_iPad = "UIInterfaceOrientationPortrait UIInterfaceOrientationPortraitUpsideDown UIInterfaceOrientationLandscapeLeft UIInterfaceOrientationLandscapeRight";
				INFOPLIST_KEY_UISupportedInterfaceOrientations_iPhone = "UIInterfaceOrientationPortrait UIInterfaceOrientationLandscapeLeft UIInterfaceOrientationLandscapeRight";
				LD_RUNPATH_SEARCH_PATHS = (
					"$(inherited)",
					"@executable_path/Frameworks",
				);
				MARKETING_VERSION = 1.0;
				PRODUCT_BUNDLE_IDENTIFIER = app.muramatsu.cinnamon.SeedsApp;
				PRODUCT_NAME = "$(TARGET_NAME)";
				SWIFT_EMIT_LOC_STRINGS = YES;
				SWIFT_VERSION = 5.0;
				TARGETED_DEVICE_FAMILY = "1,2";
			};
			name = Debug;
		};
		98D2C6BC2A210A51003BFEFC /* Release */ = {
			isa = XCBuildConfiguration;
			buildSettings = {
				ASSETCATALOG_COMPILER_APPICON_NAME = AppIcon;
				ASSETCATALOG_COMPILER_GLOBAL_ACCENT_COLOR_NAME = AccentColor;
				CODE_SIGN_STYLE = Automatic;
				CURRENT_PROJECT_VERSION = 1;
				GENERATE_INFOPLIST_FILE = YES;
				INFOPLIST_FILE = SeedsApp/Info.plist;
				INFOPLIST_KEY_UIApplicationSupportsIndirectInputEvents = YES;
				INFOPLIST_KEY_UILaunchStoryboardName = LaunchScreen;
				INFOPLIST_KEY_UIMainStoryboardFile = Main;
				INFOPLIST_KEY_UISupportedInterfaceOrientations_iPad = "UIInterfaceOrientationPortrait UIInterfaceOrientationPortraitUpsideDown UIInterfaceOrientationLandscapeLeft UIInterfaceOrientationLandscapeRight";
				INFOPLIST_KEY_UISupportedInterfaceOrientations_iPhone = "UIInterfaceOrientationPortrait UIInterfaceOrientationLandscapeLeft UIInterfaceOrientationLandscapeRight";
				LD_RUNPATH_SEARCH_PATHS = (
					"$(inherited)",
					"@executable_path/Frameworks",
				);
				MARKETING_VERSION = 1.0;
				PRODUCT_BUNDLE_IDENTIFIER = app.muramatsu.cinnamon.SeedsApp;
				PRODUCT_NAME = "$(TARGET_NAME)";
				SWIFT_EMIT_LOC_STRINGS = YES;
				SWIFT_VERSION = 5.0;
				TARGETED_DEVICE_FAMILY = "1,2";
			};
			name = Release;
		};
/* End XCBuildConfiguration section */

/* Begin XCConfigurationList section */
		98D2C6A12A210A4B003BFEFC /* Build configuration list for PBXProject "SeedsApp" */ = {
			isa = XCConfigurationList;
			buildConfigurations = (
				98D2C6B82A210A51003BFEFC /* Debug */,
				98D2C6B92A210A51003BFEFC /* Release */,
			);
			defaultConfigurationIsVisible = 0;
			defaultConfigurationName = Release;
		};
		98D2C6BA2A210A51003BFEFC /* Build configuration list for PBXNativeTarget "SeedsApp" */ = {
			isa = XCConfigurationList;
			buildConfigurations = (
				98D2C6BB2A210A51003BFEFC /* Debug */,
				98D2C6BC2A210A51003BFEFC /* Release */,
			);
			defaultConfigurationIsVisible = 0;
			defaultConfigurationName = Release;
		};
/* End XCConfigurationList section */

/* Begin XCRemoteSwiftPackageReference section */
		98551C962A25E86800C79B45 /* XCRemoteSwiftPackageReference "realm-swift" */ = {
			isa = XCRemoteSwiftPackageReference;
			repositoryURL = "https://github.com/realm/realm-swift.git";
			requirement = {
				branch = master;
				kind = branch;
			};
		};
/* End XCRemoteSwiftPackageReference section */

/* Begin XCSwiftPackageProductDependency section */
		98551C972A25E86800C79B45 /* Realm */ = {
			isa = XCSwiftPackageProductDependency;
			package = 98551C962A25E86800C79B45 /* XCRemoteSwiftPackageReference "realm-swift" */;
			productName = Realm;
		};
		98551C992A25E86800C79B45 /* RealmSwift */ = {
			isa = XCSwiftPackageProductDependency;
			package = 98551C962A25E86800C79B45 /* XCRemoteSwiftPackageReference "realm-swift" */;
			productName = RealmSwift;
		};
/* End XCSwiftPackageProductDependency section */
	};
	rootObject = 98D2C69E2A210A4B003BFEFC /* Project object */;
}
